// !$*UTF8*$!
{
	archiveVersion = 1;
	classes = {
	};
	objectVersion = 50;
	objects = {

/* Begin PBXBuildFile section */
		120CFC4920A4785600100673 /* FLBaseViewController.swift in Sources */ = {isa = PBXBuildFile; fileRef = 120CFC4820A4785600100673 /* FLBaseViewController.swift */; };
		120CFC4B20A4788700100673 /* FLLoginViewController.swift in Sources */ = {isa = PBXBuildFile; fileRef = 120CFC4A20A4788700100673 /* FLLoginViewController.swift */; };
		120CFC4D20A47A0500100673 /* FLConst.swift in Sources */ = {isa = PBXBuildFile; fileRef = 120CFC4C20A47A0500100673 /* FLConst.swift */; };
		120CFC4F20A480BB00100673 /* UIView+FLCommon.swift in Sources */ = {isa = PBXBuildFile; fileRef = 120CFC4E20A480BB00100673 /* UIView+FLCommon.swift */; };
		120CFC5220A4845D00100673 /* FLAlertView.swift in Sources */ = {isa = PBXBuildFile; fileRef = 120CFC5120A4845D00100673 /* FLAlertView.swift */; };
		120CFC5520A80F9000100673 /* login_bg1.jpg in Resources */ = {isa = PBXBuildFile; fileRef = 120CFC5420A80F9000100673 /* login_bg1.jpg */; };
		120CFC5720A8124000100673 /* UIImage+FLCommon.swift in Sources */ = {isa = PBXBuildFile; fileRef = 120CFC5620A8124000100673 /* UIImage+FLCommon.swift */; };
		120CFC5920A8391B00100673 /* login_bg2.jpg in Resources */ = {isa = PBXBuildFile; fileRef = 120CFC5820A8391B00100673 /* login_bg2.jpg */; };
		120CFC5B20A83B4300100673 /* login_bg3.jpg in Resources */ = {isa = PBXBuildFile; fileRef = 120CFC5A20A83B4200100673 /* login_bg3.jpg */; };
		120CFC5D20A8925D00100673 /* FLImport.swift in Sources */ = {isa = PBXBuildFile; fileRef = 120CFC5C20A8925D00100673 /* FLImport.swift */; };
		120CFC5F20A892EA00100673 /* UIColor+FLCommon.swift in Sources */ = {isa = PBXBuildFile; fileRef = 120CFC5E20A892EA00100673 /* UIColor+FLCommon.swift */; };
		1228184720B6E9FC000F434A /* FLNetworkManager.swift in Sources */ = {isa = PBXBuildFile; fileRef = 1228184620B6E9FC000F434A /* FLNetworkManager.swift */; };
		74A5BAA86750E0DEF27CAD07 /* Pods_FLMusic_iOS.framework in Frameworks */ = {isa = PBXBuildFile; fileRef = 19F8832A2920506E8D2FA4BF /* Pods_FLMusic_iOS.framework */; };
		983449B720AC006B00BA3951 /* FLBaseViewModel.swift in Sources */ = {isa = PBXBuildFile; fileRef = 983449B620AC006B00BA3951 /* FLBaseViewModel.swift */; };
		98615C5320B7A26D00BC4566 /* FLReactive.swift in Sources */ = {isa = PBXBuildFile; fileRef = 98615C5220B7A26D00BC4566 /* FLReactive.swift */; };
		98D1AF4A209AB77C00B44715 /* AppDelegate.swift in Sources */ = {isa = PBXBuildFile; fileRef = 98D1AF49209AB77C00B44715 /* AppDelegate.swift */; };
		98D1AF4C209AB77D00B44715 /* ViewController.swift in Sources */ = {isa = PBXBuildFile; fileRef = 98D1AF4B209AB77D00B44715 /* ViewController.swift */; };
		98D1AF4F209AB77D00B44715 /* Main.storyboard in Resources */ = {isa = PBXBuildFile; fileRef = 98D1AF4D209AB77D00B44715 /* Main.storyboard */; };
		98D1AF51209AB77E00B44715 /* Assets.xcassets in Resources */ = {isa = PBXBuildFile; fileRef = 98D1AF50209AB77E00B44715 /* Assets.xcassets */; };
		98D1AF54209AB77E00B44715 /* LaunchScreen.storyboard in Resources */ = {isa = PBXBuildFile; fileRef = 98D1AF52209AB77E00B44715 /* LaunchScreen.storyboard */; };
		98FB81D320A9C8E400AD8711 /* FLLoginViewModel.swift in Sources */ = {isa = PBXBuildFile; fileRef = 98FB81D220A9C8E400AD8711 /* FLLoginViewModel.swift */; };
/* End PBXBuildFile section */

/* Begin PBXFileReference section */
		120CFC4820A4785600100673 /* FLBaseViewController.swift */ = {isa = PBXFileReference; lastKnownFileType = sourcecode.swift; path = FLBaseViewController.swift; sourceTree = "<group>"; };
		120CFC4A20A4788700100673 /* FLLoginViewController.swift */ = {isa = PBXFileReference; lastKnownFileType = sourcecode.swift; path = FLLoginViewController.swift; sourceTree = "<group>"; };
		120CFC4C20A47A0500100673 /* FLConst.swift */ = {isa = PBXFileReference; lastKnownFileType = sourcecode.swift; path = FLConst.swift; sourceTree = "<group>"; };
		120CFC4E20A480BB00100673 /* UIView+FLCommon.swift */ = {isa = PBXFileReference; lastKnownFileType = sourcecode.swift; path = "UIView+FLCommon.swift"; sourceTree = "<group>"; };
		120CFC5120A4845D00100673 /* FLAlertView.swift */ = {isa = PBXFileReference; lastKnownFileType = sourcecode.swift; path = FLAlertView.swift; sourceTree = "<group>"; };
		120CFC5420A80F9000100673 /* login_bg1.jpg */ = {isa = PBXFileReference; lastKnownFileType = image.jpeg; path = login_bg1.jpg; sourceTree = "<group>"; };
		120CFC5620A8124000100673 /* UIImage+FLCommon.swift */ = {isa = PBXFileReference; lastKnownFileType = sourcecode.swift; path = "UIImage+FLCommon.swift"; sourceTree = "<group>"; };
		120CFC5820A8391B00100673 /* login_bg2.jpg */ = {isa = PBXFileReference; lastKnownFileType = image.jpeg; path = login_bg2.jpg; sourceTree = "<group>"; };
		120CFC5A20A83B4200100673 /* login_bg3.jpg */ = {isa = PBXFileReference; lastKnownFileType = image.jpeg; path = login_bg3.jpg; sourceTree = "<group>"; };
		120CFC5C20A8925D00100673 /* FLImport.swift */ = {isa = PBXFileReference; lastKnownFileType = sourcecode.swift; path = FLImport.swift; sourceTree = "<group>"; };
		120CFC5E20A892EA00100673 /* UIColor+FLCommon.swift */ = {isa = PBXFileReference; lastKnownFileType = sourcecode.swift; path = "UIColor+FLCommon.swift"; sourceTree = "<group>"; };
		1228184620B6E9FC000F434A /* FLNetworkManager.swift */ = {isa = PBXFileReference; lastKnownFileType = sourcecode.swift; path = FLNetworkManager.swift; sourceTree = "<group>"; };
		19F8832A2920506E8D2FA4BF /* Pods_FLMusic_iOS.framework */ = {isa = PBXFileReference; explicitFileType = wrapper.framework; includeInIndex = 0; path = Pods_FLMusic_iOS.framework; sourceTree = BUILT_PRODUCTS_DIR; };
		983449B620AC006B00BA3951 /* FLBaseViewModel.swift */ = {isa = PBXFileReference; lastKnownFileType = sourcecode.swift; path = FLBaseViewModel.swift; sourceTree = "<group>"; };
		98615C5220B7A26D00BC4566 /* FLReactive.swift */ = {isa = PBXFileReference; lastKnownFileType = sourcecode.swift; path = FLReactive.swift; sourceTree = "<group>"; };
		98D1AF46209AB77C00B44715 /* FLMusic_iOS.app */ = {isa = PBXFileReference; explicitFileType = wrapper.application; includeInIndex = 0; path = FLMusic_iOS.app; sourceTree = BUILT_PRODUCTS_DIR; };
		98D1AF49209AB77C00B44715 /* AppDelegate.swift */ = {isa = PBXFileReference; lastKnownFileType = sourcecode.swift; path = AppDelegate.swift; sourceTree = "<group>"; };
		98D1AF4B209AB77D00B44715 /* ViewController.swift */ = {isa = PBXFileReference; lastKnownFileType = sourcecode.swift; path = ViewController.swift; sourceTree = "<group>"; };
		98D1AF4E209AB77D00B44715 /* Base */ = {isa = PBXFileReference; lastKnownFileType = file.storyboard; name = Base; path = Base.lproj/Main.storyboard; sourceTree = "<group>"; };
		98D1AF50209AB77E00B44715 /* Assets.xcassets */ = {isa = PBXFileReference; lastKnownFileType = folder.assetcatalog; path = Assets.xcassets; sourceTree = "<group>"; };
		98D1AF53209AB77E00B44715 /* Base */ = {isa = PBXFileReference; lastKnownFileType = file.storyboard; name = Base; path = Base.lproj/LaunchScreen.storyboard; sourceTree = "<group>"; };
		98D1AF55209AB77E00B44715 /* Info.plist */ = {isa = PBXFileReference; lastKnownFileType = text.plist.xml; path = Info.plist; sourceTree = "<group>"; };
		98FB81D220A9C8E400AD8711 /* FLLoginViewModel.swift */ = {isa = PBXFileReference; lastKnownFileType = sourcecode.swift; path = FLLoginViewModel.swift; sourceTree = "<group>"; };
		9F7887A781D495D43AB55556 /* Pods-FLMusic_iOS.debug.xcconfig */ = {isa = PBXFileReference; includeInIndex = 1; lastKnownFileType = text.xcconfig; name = "Pods-FLMusic_iOS.debug.xcconfig"; path = "Pods/Target Support Files/Pods-FLMusic_iOS/Pods-FLMusic_iOS.debug.xcconfig"; sourceTree = "<group>"; };
		C756E0BF21D604599474FD23 /* Pods-FLMusic_iOS.release.xcconfig */ = {isa = PBXFileReference; includeInIndex = 1; lastKnownFileType = text.xcconfig; name = "Pods-FLMusic_iOS.release.xcconfig"; path = "Pods/Target Support Files/Pods-FLMusic_iOS/Pods-FLMusic_iOS.release.xcconfig"; sourceTree = "<group>"; };
/* End PBXFileReference section */

/* Begin PBXFrameworksBuildPhase section */
		98D1AF43209AB77C00B44715 /* Frameworks */ = {
			isa = PBXFrameworksBuildPhase;
			buildActionMask = 2147483647;
			files = (
				74A5BAA86750E0DEF27CAD07 /* Pods_FLMusic_iOS.framework in Frameworks */,
			);
			runOnlyForDeploymentPostprocessing = 0;
		};
/* End PBXFrameworksBuildPhase section */

/* Begin PBXGroup section */
		120CFC3D20A4774B00100673 /* Controllers */ = {
			isa = PBXGroup;
			children = (
				120CFC4820A4785600100673 /* FLBaseViewController.swift */,
				120CFC4720A4784500100673 /* Login */,
			);
			path = Controllers;
			sourceTree = "<group>";
		};
		120CFC3E20A4775300100673 /* Views */ = {
			isa = PBXGroup;
			children = (
				120CFC5020A483EF00100673 /* Common */,
			);
			path = Views;
			sourceTree = "<group>";
		};
		120CFC3F20A4775800100673 /* Models */ = {
			isa = PBXGroup;
			children = (
			);
			path = Models;
			sourceTree = "<group>";
		};
		120CFC4020A4775A00100673 /* ViewModels */ = {
			isa = PBXGroup;
			children = (
				983449B820AC006F00BA3951 /* Login */,
				983449B620AC006B00BA3951 /* FLBaseViewModel.swift */,
			);
			path = ViewModels;
			sourceTree = "<group>";
		};
		120CFC4120A4779C00100673 /* Vendor */ = {
			isa = PBXGroup;
			children = (
			);
			path = Vendor;
			sourceTree = "<group>";
		};
		120CFC4220A477AD00100673 /* Others */ = {
			isa = PBXGroup;
			children = (
				120CFC4C20A47A0500100673 /* FLConst.swift */,
				120CFC5C20A8925D00100673 /* FLImport.swift */,
				98615C5220B7A26D00BC4566 /* FLReactive.swift */,
			);
			path = Others;
			sourceTree = "<group>";
		};
		120CFC4320A477B700100673 /* Src */ = {
			isa = PBXGroup;
			children = (
				120CFC5320A80F8600100673 /* Images */,
			);
			path = Src;
			sourceTree = "<group>";
		};
		120CFC4420A477D000100673 /* Util */ = {
			isa = PBXGroup;
			children = (
				120CFC4620A4780200100673 /* Category */,
				120CFC4520A477F900100673 /* Manager */,
			);
			path = Util;
			sourceTree = "<group>";
		};
		120CFC4520A477F900100673 /* Manager */ = {
			isa = PBXGroup;
			children = (
				1228184620B6E9FC000F434A /* FLNetworkManager.swift */,
			);
			path = Manager;
			sourceTree = "<group>";
		};
		120CFC4620A4780200100673 /* Category */ = {
			isa = PBXGroup;
			children = (
				120CFC4E20A480BB00100673 /* UIView+FLCommon.swift */,
				120CFC5620A8124000100673 /* UIImage+FLCommon.swift */,
				120CFC5E20A892EA00100673 /* UIColor+FLCommon.swift */,
			);
			path = Category;
			sourceTree = "<group>";
		};
		120CFC4720A4784500100673 /* Login */ = {
			isa = PBXGroup;
			children = (
				120CFC4A20A4788700100673 /* FLLoginViewController.swift */,
			);
			path = Login;
			sourceTree = "<group>";
		};
		120CFC5020A483EF00100673 /* Common */ = {
			isa = PBXGroup;
			children = (
				120CFC5120A4845D00100673 /* FLAlertView.swift */,
			);
			path = Common;
			sourceTree = "<group>";
		};
		120CFC5320A80F8600100673 /* Images */ = {
			isa = PBXGroup;
			children = (
				120CFC5420A80F9000100673 /* login_bg1.jpg */,
				120CFC5820A8391B00100673 /* login_bg2.jpg */,
				120CFC5A20A83B4200100673 /* login_bg3.jpg */,
			);
			path = Images;
			sourceTree = "<group>";
		};
		70ED81138F9C4878F5C2FE04 /* Pods */ = {
			isa = PBXGroup;
			children = (
				9F7887A781D495D43AB55556 /* Pods-FLMusic_iOS.debug.xcconfig */,
				C756E0BF21D604599474FD23 /* Pods-FLMusic_iOS.release.xcconfig */,
			);
			name = Pods;
			sourceTree = "<group>";
		};
		983449B820AC006F00BA3951 /* Login */ = {
			isa = PBXGroup;
			children = (
				98FB81D220A9C8E400AD8711 /* FLLoginViewModel.swift */,
			);
			path = Login;
			sourceTree = "<group>";
		};
		98D1AF3D209AB77C00B44715 = {
			isa = PBXGroup;
			children = (
				98D1AF48209AB77C00B44715 /* FLMusic_iOS */,
				98D1AF47209AB77C00B44715 /* Products */,
				70ED81138F9C4878F5C2FE04 /* Pods */,
				B60A1D15D6609BAC9FED7E23 /* Frameworks */,
			);
			sourceTree = "<group>";
		};
		98D1AF47209AB77C00B44715 /* Products */ = {
			isa = PBXGroup;
			children = (
				98D1AF46209AB77C00B44715 /* FLMusic_iOS.app */,
			);
			name = Products;
			sourceTree = "<group>";
		};
		98D1AF48209AB77C00B44715 /* FLMusic_iOS */ = {
			isa = PBXGroup;
			children = (
				120CFC4420A477D000100673 /* Util */,
				120CFC4020A4775A00100673 /* ViewModels */,
				120CFC3F20A4775800100673 /* Models */,
				120CFC3E20A4775300100673 /* Views */,
				120CFC3D20A4774B00100673 /* Controllers */,
				120CFC4120A4779C00100673 /* Vendor */,
				120CFC4320A477B700100673 /* Src */,
				120CFC4220A477AD00100673 /* Others */,
				98D1AF49209AB77C00B44715 /* AppDelegate.swift */,
				98D1AF4B209AB77D00B44715 /* ViewController.swift */,
				98D1AF4D209AB77D00B44715 /* Main.storyboard */,
				98D1AF50209AB77E00B44715 /* Assets.xcassets */,
				98D1AF52209AB77E00B44715 /* LaunchScreen.storyboard */,
				98D1AF55209AB77E00B44715 /* Info.plist */,
			);
			path = FLMusic_iOS;
			sourceTree = "<group>";
		};
		B60A1D15D6609BAC9FED7E23 /* Frameworks */ = {
			isa = PBXGroup;
			children = (
				19F8832A2920506E8D2FA4BF /* Pods_FLMusic_iOS.framework */,
			);
			name = Frameworks;
			sourceTree = "<group>";
		};
/* End PBXGroup section */

/* Begin PBXNativeTarget section */
		98D1AF45209AB77C00B44715 /* FLMusic_iOS */ = {
			isa = PBXNativeTarget;
			buildConfigurationList = 98D1AF58209AB77E00B44715 /* Build configuration list for PBXNativeTarget "FLMusic_iOS" */;
			buildPhases = (
				FF2AA625246E84444A209E53 /* [CP] Check Pods Manifest.lock */,
				98D1AF42209AB77C00B44715 /* Sources */,
				98D1AF43209AB77C00B44715 /* Frameworks */,
				98D1AF44209AB77C00B44715 /* Resources */,
				17053FF91DFB019D69DD6D87 /* [CP] Embed Pods Frameworks */,
			);
			buildRules = (
			);
			dependencies = (
			);
			name = FLMusic_iOS;
			productName = FLMusic_iOS;
			productReference = 98D1AF46209AB77C00B44715 /* FLMusic_iOS.app */;
			productType = "com.apple.product-type.application";
		};
/* End PBXNativeTarget section */

/* Begin PBXProject section */
		98D1AF3E209AB77C00B44715 /* Project object */ = {
			isa = PBXProject;
			attributes = {
				CLASSPREFIX = FL;
				LastSwiftUpdateCheck = 0930;
				LastUpgradeCheck = 0930;
				ORGANIZATIONNAME = fengli;
				TargetAttributes = {
					98D1AF45209AB77C00B44715 = {
						CreatedOnToolsVersion = 9.3;
					};
				};
			};
			buildConfigurationList = 98D1AF41209AB77C00B44715 /* Build configuration list for PBXProject "FLMusic_iOS" */;
			compatibilityVersion = "Xcode 9.3";
			developmentRegion = en;
			hasScannedForEncodings = 0;
			knownRegions = (
				en,
				Base,
			);
			mainGroup = 98D1AF3D209AB77C00B44715;
			productRefGroup = 98D1AF47209AB77C00B44715 /* Products */;
			projectDirPath = "";
			projectRoot = "";
			targets = (
				98D1AF45209AB77C00B44715 /* FLMusic_iOS */,
			);
		};
/* End PBXProject section */

/* Begin PBXResourcesBuildPhase section */
		98D1AF44209AB77C00B44715 /* Resources */ = {
			isa = PBXResourcesBuildPhase;
			buildActionMask = 2147483647;
			files = (
				98D1AF54209AB77E00B44715 /* LaunchScreen.storyboard in Resources */,
				98D1AF51209AB77E00B44715 /* Assets.xcassets in Resources */,
				98D1AF4F209AB77D00B44715 /* Main.storyboard in Resources */,
				120CFC5920A8391B00100673 /* login_bg2.jpg in Resources */,
				120CFC5520A80F9000100673 /* login_bg1.jpg in Resources */,
				120CFC5B20A83B4300100673 /* login_bg3.jpg in Resources */,
			);
			runOnlyForDeploymentPostprocessing = 0;
		};
/* End PBXResourcesBuildPhase section */

/* Begin PBXShellScriptBuildPhase section */
		17053FF91DFB019D69DD6D87 /* [CP] Embed Pods Frameworks */ = {
			isa = PBXShellScriptBuildPhase;
			buildActionMask = 2147483647;
			files = (
			);
			inputPaths = (
				"${SRCROOT}/Pods/Target Support Files/Pods-FLMusic_iOS/Pods-FLMusic_iOS-frameworks.sh",
				"${BUILT_PRODUCTS_DIR}/Alamofire/Alamofire.framework",
				"${BUILT_PRODUCTS_DIR}/HandyJSON/HandyJSON.framework",
				"${BUILT_PRODUCTS_DIR}/Hero/Hero.framework",
				"${BUILT_PRODUCTS_DIR}/IQKeyboardManagerSwift/IQKeyboardManagerSwift.framework",
				"${BUILT_PRODUCTS_DIR}/Kingfisher/Kingfisher.framework",
				"${BUILT_PRODUCTS_DIR}/ReactiveCocoa/ReactiveCocoa.framework",
				"${BUILT_PRODUCTS_DIR}/ReactiveSwift/ReactiveSwift.framework",
				"${BUILT_PRODUCTS_DIR}/Result/Result.framework",
				"${BUILT_PRODUCTS_DIR}/SnapKit/SnapKit.framework",
			);
			name = "[CP] Embed Pods Frameworks";
			outputPaths = (
				"${TARGET_BUILD_DIR}/${FRAMEWORKS_FOLDER_PATH}/Alamofire.framework",
				"${TARGET_BUILD_DIR}/${FRAMEWORKS_FOLDER_PATH}/HandyJSON.framework",
				"${TARGET_BUILD_DIR}/${FRAMEWORKS_FOLDER_PATH}/Hero.framework",
				"${TARGET_BUILD_DIR}/${FRAMEWORKS_FOLDER_PATH}/IQKeyboardManagerSwift.framework",
				"${TARGET_BUILD_DIR}/${FRAMEWORKS_FOLDER_PATH}/Kingfisher.framework",
				"${TARGET_BUILD_DIR}/${FRAMEWORKS_FOLDER_PATH}/ReactiveCocoa.framework",
				"${TARGET_BUILD_DIR}/${FRAMEWORKS_FOLDER_PATH}/ReactiveSwift.framework",
				"${TARGET_BUILD_DIR}/${FRAMEWORKS_FOLDER_PATH}/Result.framework",
				"${TARGET_BUILD_DIR}/${FRAMEWORKS_FOLDER_PATH}/SnapKit.framework",
			);
			runOnlyForDeploymentPostprocessing = 0;
			shellPath = /bin/sh;
			shellScript = "\"${SRCROOT}/Pods/Target Support Files/Pods-FLMusic_iOS/Pods-FLMusic_iOS-frameworks.sh\"\n";
			showEnvVarsInLog = 0;
		};
		FF2AA625246E84444A209E53 /* [CP] Check Pods Manifest.lock */ = {
			isa = PBXShellScriptBuildPhase;
			buildActionMask = 2147483647;
			files = (
			);
			inputPaths = (
				"${PODS_PODFILE_DIR_PATH}/Podfile.lock",
				"${PODS_ROOT}/Manifest.lock",
			);
			name = "[CP] Check Pods Manifest.lock";
			outputPaths = (
				"$(DERIVED_FILE_DIR)/Pods-FLMusic_iOS-checkManifestLockResult.txt",
			);
			runOnlyForDeploymentPostprocessing = 0;
			shellPath = /bin/sh;
			shellScript = "diff \"${PODS_PODFILE_DIR_PATH}/Podfile.lock\" \"${PODS_ROOT}/Manifest.lock\" > /dev/null\nif [ $? != 0 ] ; then\n    # print error to STDERR\n    echo \"error: The sandbox is not in sync with the Podfile.lock. Run 'pod install' or update your CocoaPods installation.\" >&2\n    exit 1\nfi\n# This output is used by Xcode 'outputs' to avoid re-running this script phase.\necho \"SUCCESS\" > \"${SCRIPT_OUTPUT_FILE_0}\"\n";
			showEnvVarsInLog = 0;
		};
/* End PBXShellScriptBuildPhase section */

/* Begin PBXSourcesBuildPhase section */
		98D1AF42209AB77C00B44715 /* Sources */ = {
			isa = PBXSourcesBuildPhase;
			buildActionMask = 2147483647;
			files = (
				98615C5320B7A26D00BC4566 /* FLReactive.swift in Sources */,
				120CFC4B20A4788700100673 /* FLLoginViewController.swift in Sources */,
				120CFC5220A4845D00100673 /* FLAlertView.swift in Sources */,
				120CFC5720A8124000100673 /* UIImage+FLCommon.swift in Sources */,
				120CFC4D20A47A0500100673 /* FLConst.swift in Sources */,
				98FB81D320A9C8E400AD8711 /* FLLoginViewModel.swift in Sources */,
				120CFC4F20A480BB00100673 /* UIView+FLCommon.swift in Sources */,
				98D1AF4C209AB77D00B44715 /* ViewController.swift in Sources */,
				120CFC4920A4785600100673 /* FLBaseViewController.swift in Sources */,
				98D1AF4A209AB77C00B44715 /* AppDelegate.swift in Sources */,
				1228184720B6E9FC000F434A /* FLNetworkManager.swift in Sources */,
				983449B720AC006B00BA3951 /* FLBaseViewModel.swift in Sources */,
				120CFC5F20A892EA00100673 /* UIColor+FLCommon.swift in Sources */,
				120CFC5D20A8925D00100673 /* FLImport.swift in Sources */,
			);
			runOnlyForDeploymentPostprocessing = 0;
		};
/* End PBXSourcesBuildPhase section */

/* Begin PBXVariantGroup section */
		98D1AF4D209AB77D00B44715 /* Main.storyboard */ = {
			isa = PBXVariantGroup;
			children = (
				98D1AF4E209AB77D00B44715 /* Base */,
			);
			name = Main.storyboard;
			sourceTree = "<group>";
		};
		98D1AF52209AB77E00B44715 /* LaunchScreen.storyboard */ = {
			isa = PBXVariantGroup;
			children = (
				98D1AF53209AB77E00B44715 /* Base */,
			);
			name = LaunchScreen.storyboard;
			sourceTree = "<group>";
		};
/* End PBXVariantGroup section */

/* Begin XCBuildConfiguration section */
		98D1AF56209AB77E00B44715 /* Debug */ = {
			isa = XCBuildConfiguration;
			buildSettings = {
				ALWAYS_SEARCH_USER_PATHS = NO;
				CLANG_ANALYZER_NONNULL = YES;
				CLANG_ANALYZER_NUMBER_OBJECT_CONVERSION = YES_AGGRESSIVE;
				CLANG_CXX_LANGUAGE_STANDARD = "gnu++14";
				CLANG_CXX_LIBRARY = "libc++";
				CLANG_ENABLE_MODULES = YES;
				CLANG_ENABLE_OBJC_ARC = YES;
				CLANG_ENABLE_OBJC_WEAK = YES;
				CLANG_WARN_BLOCK_CAPTURE_AUTORELEASING = YES;
				CLANG_WARN_BOOL_CONVERSION = YES;
				CLANG_WARN_COMMA = YES;
				CLANG_WARN_CONSTANT_CONVERSION = YES;
				CLANG_WARN_DEPRECATED_OBJC_IMPLEMENTATIONS = YES;
				CLANG_WARN_DIRECT_OBJC_ISA_USAGE = YES_ERROR;
				CLANG_WARN_DOCUMENTATION_COMMENTS = YES;
				CLANG_WARN_EMPTY_BODY = YES;
				CLANG_WARN_ENUM_CONVERSION = YES;
				CLANG_WARN_INFINITE_RECURSION = YES;
				CLANG_WARN_INT_CONVERSION = YES;
				CLANG_WARN_NON_LITERAL_NULL_CONVERSION = YES;
				CLANG_WARN_OBJC_IMPLICIT_RETAIN_SELF = YES;
				CLANG_WARN_OBJC_LITERAL_CONVERSION = YES;
				CLANG_WARN_OBJC_ROOT_CLASS = YES_ERROR;
				CLANG_WARN_RANGE_LOOP_ANALYSIS = YES;
				CLANG_WARN_STRICT_PROTOTYPES = YES;
				CLANG_WARN_SUSPICIOUS_MOVE = YES;
				CLANG_WARN_UNGUARDED_AVAILABILITY = YES_AGGRESSIVE;
				CLANG_WARN_UNREACHABLE_CODE = YES;
				CLANG_WARN__DUPLICATE_METHOD_MATCH = YES;
				CODE_SIGN_IDENTITY = "iPhone Developer";
				COPY_PHASE_STRIP = NO;
				DEBUG_INFORMATION_FORMAT = dwarf;
				ENABLE_STRICT_OBJC_MSGSEND = YES;
				ENABLE_TESTABILITY = YES;
				GCC_C_LANGUAGE_STANDARD = gnu11;
				GCC_DYNAMIC_NO_PIC = NO;
				GCC_NO_COMMON_BLOCKS = YES;
				GCC_OPTIMIZATION_LEVEL = 0;
				GCC_PREPROCESSOR_DEFINITIONS = (
					"DEBUG=1",
					"$(inherited)",
				);
				GCC_WARN_64_TO_32_BIT_CONVERSION = YES;
				GCC_WARN_ABOUT_RETURN_TYPE = YES_ERROR;
				GCC_WARN_UNDECLARED_SELECTOR = YES;
				GCC_WARN_UNINITIALIZED_AUTOS = YES_AGGRESSIVE;
				GCC_WARN_UNUSED_FUNCTION = YES;
				GCC_WARN_UNUSED_VARIABLE = YES;
				IPHONEOS_DEPLOYMENT_TARGET = 11.3;
				MTL_ENABLE_DEBUG_INFO = YES;
				ONLY_ACTIVE_ARCH = YES;
				SDKROOT = iphoneos;
				SWIFT_ACTIVE_COMPILATION_CONDITIONS = DEBUG;
				SWIFT_OPTIMIZATION_LEVEL = "-Onone";
			};
			name = Debug;
		};
		98D1AF57209AB77E00B44715 /* Release */ = {
			isa = XCBuildConfiguration;
			buildSettings = {
				ALWAYS_SEARCH_USER_PATHS = NO;
				CLANG_ANALYZER_NONNULL = YES;
				CLANG_ANALYZER_NUMBER_OBJECT_CONVERSION = YES_AGGRESSIVE;
				CLANG_CXX_LANGUAGE_STANDARD = "gnu++14";
				CLANG_CXX_LIBRARY = "libc++";
				CLANG_ENABLE_MODULES = YES;
				CLANG_ENABLE_OBJC_ARC = YES;
				CLANG_ENABLE_OBJC_WEAK = YES;
				CLANG_WARN_BLOCK_CAPTURE_AUTORELEASING = YES;
				CLANG_WARN_BOOL_CONVERSION = YES;
				CLANG_WARN_COMMA = YES;
				CLANG_WARN_CONSTANT_CONVERSION = YES;
				CLANG_WARN_DEPRECATED_OBJC_IMPLEMENTATIONS = YES;
				CLANG_WARN_DIRECT_OBJC_ISA_USAGE = YES_ERROR;
				CLANG_WARN_DOCUMENTATION_COMMENTS = YES;
				CLANG_WARN_EMPTY_BODY = YES;
				CLANG_WARN_ENUM_CONVERSION = YES;
				CLANG_WARN_INFINITE_RECURSION = YES;
				CLANG_WARN_INT_CONVERSION = YES;
				CLANG_WARN_NON_LITERAL_NULL_CONVERSION = YES;
				CLANG_WARN_OBJC_IMPLICIT_RETAIN_SELF = YES;
				CLANG_WARN_OBJC_LITERAL_CONVERSION = YES;
				CLANG_WARN_OBJC_ROOT_CLASS = YES_ERROR;
				CLANG_WARN_RANGE_LOOP_ANALYSIS = YES;
				CLANG_WARN_STRICT_PROTOTYPES = YES;
				CLANG_WARN_SUSPICIOUS_MOVE = YES;
				CLANG_WARN_UNGUARDED_AVAILABILITY = YES_AGGRESSIVE;
				CLANG_WARN_UNREACHABLE_CODE = YES;
				CLANG_WARN__DUPLICATE_METHOD_MATCH = YES;
				CODE_SIGN_IDENTITY = "iPhone Developer";
				COPY_PHASE_STRIP = NO;
				DEBUG_INFORMATION_FORMAT = "dwarf-with-dsym";
				ENABLE_NS_ASSERTIONS = NO;
				ENABLE_STRICT_OBJC_MSGSEND = YES;
				GCC_C_LANGUAGE_STANDARD = gnu11;
				GCC_NO_COMMON_BLOCKS = YES;
				GCC_WARN_64_TO_32_BIT_CONVERSION = YES;
				GCC_WARN_ABOUT_RETURN_TYPE = YES_ERROR;
				GCC_WARN_UNDECLARED_SELECTOR = YES;
				GCC_WARN_UNINITIALIZED_AUTOS = YES_AGGRESSIVE;
				GCC_WARN_UNUSED_FUNCTION = YES;
				GCC_WARN_UNUSED_VARIABLE = YES;
				IPHONEOS_DEPLOYMENT_TARGET = 11.3;
				MTL_ENABLE_DEBUG_INFO = NO;
				SDKROOT = iphoneos;
				SWIFT_COMPILATION_MODE = wholemodule;
				SWIFT_OPTIMIZATION_LEVEL = "-O";
				VALIDATE_PRODUCT = YES;
			};
			name = Release;
		};
		98D1AF59209AB77E00B44715 /* Debug */ = {
			isa = XCBuildConfiguration;
			baseConfigurationReference = 9F7887A781D495D43AB55556 /* Pods-FLMusic_iOS.debug.xcconfig */;
			buildSettings = {
				ASSETCATALOG_COMPILER_APPICON_NAME = AppIcon;
				CODE_SIGN_STYLE = Automatic;
				DEVELOPMENT_TEAM = 6625VD7T97;
				EMBED_ASSET_PACKS_IN_PRODUCT_BUNDLE = NO;
				INFOPLIST_FILE = FLMusic_iOS/Info.plist;
				IPHONEOS_DEPLOYMENT_TARGET = 9.0;
				LD_RUNPATH_SEARCH_PATHS = (
					"$(inherited)",
					"@executable_path/Frameworks",
				);
				PRODUCT_BUNDLE_IDENTIFIER = "com.foxpower.FLMusic-iOS";
				PRODUCT_NAME = "$(TARGET_NAME)";
				SWIFT_VERSION = 4.0;
				TARGETED_DEVICE_FAMILY = 1;
			};
			name = Debug;
		};
		98D1AF5A209AB77E00B44715 /* Release */ = {
			isa = XCBuildConfiguration;
			baseConfigurationReference = C756E0BF21D604599474FD23 /* Pods-FLMusic_iOS.release.xcconfig */;
			buildSettings = {
				ASSETCATALOG_COMPILER_APPICON_NAME = AppIcon;
				CODE_SIGN_STYLE = Automatic;
				DEVELOPMENT_TEAM = 6625VD7T97;
				EMBED_ASSET_PACKS_IN_PRODUCT_BUNDLE = NO;
				INFOPLIST_FILE = FLMusic_iOS/Info.plist;
				IPHONEOS_DEPLOYMENT_TARGET = 9.0;
				LD_RUNPATH_SEARCH_PATHS = (
					"$(inherited)",
					"@executable_path/Frameworks",
				);
				PRODUCT_BUNDLE_IDENTIFIER = "com.foxpower.FLMusic-iOS";
				PRODUCT_NAME = "$(TARGET_NAME)";
				SWIFT_VERSION = 4.0;
				TARGETED_DEVICE_FAMILY = 1;
			};
			name = Release;
		};
/* End XCBuildConfiguration section */

/* Begin XCConfigurationList section */
		98D1AF41209AB77C00B44715 /* Build configuration list for PBXProject "FLMusic_iOS" */ = {
			isa = XCConfigurationList;
			buildConfigurations = (
				98D1AF56209AB77E00B44715 /* Debug */,
				98D1AF57209AB77E00B44715 /* Release */,
			);
			defaultConfigurationIsVisible = 0;
			defaultConfigurationName = Release;
		};
		98D1AF58209AB77E00B44715 /* Build configuration list for PBXNativeTarget "FLMusic_iOS" */ = {
			isa = XCConfigurationList;
			buildConfigurations = (
				98D1AF59209AB77E00B44715 /* Debug */,
				98D1AF5A209AB77E00B44715 /* Release */,
			);
			defaultConfigurationIsVisible = 0;
			defaultConfigurationName = Release;
		};
/* End XCConfigurationList section */
	};
	rootObject = 98D1AF3E209AB77C00B44715 /* Project object */;
}
